
Microsoft Visual Studio Solution File, Format Version 12.00
# Visual Studio Version 17
VisualStudioVersion = 17.0.31903.59
MinimumVisualStudioVersion = 10.0.40219.1
Project("{FAE04EC0-301F-11D3-BF4B-00C04F79EFBC}") = "FinanceTracker.API", "FinanceTracker.API\FinanceTracker.API.csproj", "{BC127824-41F0-4716-A1D7-EE876F749990}"
EndProject
Project("{FAE04EC0-301F-11D3-BF4B-00C04F79EFBC}") = "FinanceTracker.Data", "FinanceTracker.Data\FinanceTracker.Data.csproj", "{E1379476-F14C-4A4C-9166-0A81E5A54233}"
EndProject
Global
	GlobalSection(SolutionConfigurationPlatforms) = preSolution
		Debug|Any CPU = Debug|Any CPU
		Release|Any CPU = Release|Any CPU
	EndGlobalSection
	GlobalSection(SolutionProperties) = preSolution
		HideSolutionNode = FALSE
	EndGlobalSection
	GlobalSection(ProjectConfigurationPlatforms) = postSolution
		{BC127824-41F0-4716-A1D7-EE876F749990}.Debug|Any CPU.ActiveCfg = Debug|Any CPU
		{BC127824-41F0-4716-A1D7-EE876F749990}.Debug|Any CPU.Build.0 = Debug|Any CPU
		{BC127824-41F0-4716-A1D7-EE876F749990}.Release|Any CPU.ActiveCfg = Release|Any CPU
		{BC127824-41F0-4716-A1D7-EE876F749990}.Release|Any CPU.Build.0 = Release|Any CPU
		{E1379476-F14C-4A4C-9166-0A81E5A54233}.Debug|Any CPU.ActiveCfg = Debug|Any CPU
		{E1379476-F14C-4A4C-9166-0A81E5A54233}.Debug|Any CPU.Build.0 = Debug|Any CPU
		{E1379476-F14C-4A4C-9166-0A81E5A54233}.Release|Any CPU.ActiveCfg = Release|Any CPU
		{E1379476-F14C-4A4C-9166-0A81E5A54233}.Release|Any CPU.Build.0 = Release|Any CPU
	EndGlobalSection
EndGlobal
